// !$*UTF8*$!
{
	archiveVersion = 1;
	classes = {
	};
	objectVersion = 55;
	objects = {

/* Begin PBXBuildFile section */
		44053BB9270EBB6500F85F97 /* AppDelegate.m in Sources */ = {isa = PBXBuildFile; fileRef = 44053BB8270EBB6500F85F97 /* AppDelegate.m */; };
		44053BBC270EBB6500F85F97 /* ViewController.m in Sources */ = {isa = PBXBuildFile; fileRef = 44053BBB270EBB6500F85F97 /* ViewController.m */; };
		44053BBE270EBB6600F85F97 /* Assets.xcassets in Resources */ = {isa = PBXBuildFile; fileRef = 44053BBD270EBB6600F85F97 /* Assets.xcassets */; };
		44053BC1270EBB6600F85F97 /* Main.storyboard in Resources */ = {isa = PBXBuildFile; fileRef = 44053BBF270EBB6600F85F97 /* Main.storyboard */; };
		44053BC3270EBB6600F85F97 /* main.m in Sources */ = {isa = PBXBuildFile; fileRef = 44053BC2270EBB6600F85F97 /* main.m */; };
		44053BCE270EBB6700F85F97 /* KVCODemoTests.m in Sources */ = {isa = PBXBuildFile; fileRef = 44053BCD270EBB6700F85F97 /* KVCODemoTests.m */; };
		44053BD8270EBB6700F85F97 /* KVCODemoUITests.m in Sources */ = {isa = PBXBuildFile; fileRef = 44053BD7270EBB6700F85F97 /* KVCODemoUITests.m */; };
		44053BDA270EBB6700F85F97 /* KVCODemoUITestsLaunchTests.m in Sources */ = {isa = PBXBuildFile; fileRef = 44053BD9270EBB6700F85F97 /* KVCODemoUITestsLaunchTests.m */; };
		44053BE8270EBBCA00F85F97 /* MyData.m in Sources */ = {isa = PBXBuildFile; fileRef = 44053BE7270EBBCA00F85F97 /* MyData.m */; };
		44053BEB270EC1FE00F85F97 /* ProjectModel.m in Sources */ = {isa = PBXBuildFile; fileRef = 44053BEA270EC1FE00F85F97 /* ProjectModel.m */; };
/* End PBXBuildFile section */

/* Begin PBXContainerItemProxy section */
		44053BCA270EBB6700F85F97 /* PBXContainerItemProxy */ = {
			isa = PBXContainerItemProxy;
			containerPortal = 44053BAC270EBB6500F85F97 /* Project object */;
			proxyType = 1;
			remoteGlobalIDString = 44053BB3270EBB6500F85F97;
			remoteInfo = KVCODemo;
		};
		44053BD4270EBB6700F85F97 /* PBXContainerItemProxy */ = {
			isa = PBXContainerItemProxy;
			containerPortal = 44053BAC270EBB6500F85F97 /* Project object */;
			proxyType = 1;
			remoteGlobalIDString = 44053BB3270EBB6500F85F97;
			remoteInfo = KVCODemo;
		};
/* End PBXContainerItemProxy section */

/* Begin PBXFileReference section */
		44053BB4270EBB6500F85F97 /* KVCODemo.app */ = {isa = PBXFileReference; explicitFileType = wrapper.application; includeInIndex = 0; path = KVCODemo.app; sourceTree = BUILT_PRODUCTS_DIR; };
		44053BB7270EBB6500F85F97 /* AppDelegate.h */ = {isa = PBXFileReference; lastKnownFileType = sourcecode.c.h; path = AppDelegate.h; sourceTree = "<group>"; };
		44053BB8270EBB6500F85F97 /* AppDelegate.m */ = {isa = PBXFileReference; lastKnownFileType = sourcecode.c.objc; path = AppDelegate.m; sourceTree = "<group>"; };
		44053BBA270EBB6500F85F97 /* ViewController.h */ = {isa = PBXFileReference; lastKnownFileType = sourcecode.c.h; path = ViewController.h; sourceTree = "<group>"; };
		44053BBB270EBB6500F85F97 /* ViewController.m */ = {isa = PBXFileReference; lastKnownFileType = sourcecode.c.objc; path = ViewController.m; sourceTree = "<group>"; };
		44053BBD270EBB6600F85F97 /* Assets.xcassets */ = {isa = PBXFileReference; lastKnownFileType = folder.assetcatalog; path = Assets.xcassets; sourceTree = "<group>"; };
		44053BC0270EBB6600F85F97 /* Base */ = {isa = PBXFileReference; lastKnownFileType = file.storyboard; name = Base; path = Base.lproj/Main.storyboard; sourceTree = "<group>"; };
		44053BC2270EBB6600F85F97 /* main.m */ = {isa = PBXFileReference; lastKnownFileType = sourcecode.c.objc; path = main.m; sourceTree = "<group>"; };
		44053BC4270EBB6600F85F97 /* KVCODemo.entitlements */ = {isa = PBXFileReference; lastKnownFileType = text.plist.entitlements; path = KVCODemo.entitlements; sourceTree = "<group>"; };
		44053BC9270EBB6700F85F97 /* KVCODemoTests.xctest */ = {isa = PBXFileReference; explicitFileType = wrapper.cfbundle; includeInIndex = 0; path = KVCODemoTests.xctest; sourceTree = BUILT_PRODUCTS_DIR; };
		44053BCD270EBB6700F85F97 /* KVCODemoTests.m */ = {isa = PBXFileReference; lastKnownFileType = sourcecode.c.objc; path = KVCODemoTests.m; sourceTree = "<group>"; };
		44053BD3270EBB6700F85F97 /* KVCODemoUITests.xctest */ = {isa = PBXFileReference; explicitFileType = wrapper.cfbundle; includeInIndex = 0; path = KVCODemoUITests.xctest; sourceTree = BUILT_PRODUCTS_DIR; };
		44053BD7270EBB6700F85F97 /* KVCODemoUITests.m */ = {isa = PBXFileReference; lastKnownFileType = sourcecode.c.objc; path = KVCODemoUITests.m; sourceTree = "<group>"; };
		44053BD9270EBB6700F85F97 /* KVCODemoUITestsLaunchTests.m */ = {isa = PBXFileReference; lastKnownFileType = sourcecode.c.objc; path = KVCODemoUITestsLaunchTests.m; sourceTree = "<group>"; };
		44053BE6270EBBCA00F85F97 /* MyData.h */ = {isa = PBXFileReference; lastKnownFileType = sourcecode.c.h; path = MyData.h; sourceTree = "<group>"; };
		44053BE7270EBBCA00F85F97 /* MyData.m */ = {isa = PBXFileReference; lastKnownFileType = sourcecode.c.objc; path = MyData.m; sourceTree = "<group>"; };
		44053BE9270EC1FE00F85F97 /* ProjectModel.h */ = {isa = PBXFileReference; lastKnownFileType = sourcecode.c.h; path = ProjectModel.h; sourceTree = "<group>"; };
		44053BEA270EC1FE00F85F97 /* ProjectModel.m */ = {isa = PBXFileReference; lastKnownFileType = sourcecode.c.objc; path = ProjectModel.m; sourceTree = "<group>"; };
/* End PBXFileReference section */

/* Begin PBXFrameworksBuildPhase section */
		44053BB1270EBB6500F85F97 /* Frameworks */ = {
			isa = PBXFrameworksBuildPhase;
			buildActionMask = 2147483647;
			files = (
			);
			runOnlyForDeploymentPostprocessing = 0;
		};
		44053BC6270EBB6700F85F97 /* Frameworks */ = {
			isa = PBXFrameworksBuildPhase;
			buildActionMask = 2147483647;
			files = (
			);
			runOnlyForDeploymentPostprocessing = 0;
		};
		44053BD0270EBB6700F85F97 /* Frameworks */ = {
			isa = PBXFrameworksBuildPhase;
			buildActionMask = 2147483647;
			files = (
			);
			runOnlyForDeploymentPostprocessing = 0;
		};
/* End PBXFrameworksBuildPhase section */

/* Begin PBXGroup section */
		44053BAB270EBB6500F85F97 = {
			isa = PBXGroup;
			children = (
				44053BB6270EBB6500F85F97 /* KVCODemo */,
				44053BCC270EBB6700F85F97 /* KVCODemoTests */,
				44053BD6270EBB6700F85F97 /* KVCODemoUITests */,
				44053BB5270EBB6500F85F97 /* Products */,
			);
			sourceTree = "<group>";
		};
		44053BB5270EBB6500F85F97 /* Products */ = {
			isa = PBXGroup;
			children = (
				44053BB4270EBB6500F85F97 /* KVCODemo.app */,
				44053BC9270EBB6700F85F97 /* KVCODemoTests.xctest */,
				44053BD3270EBB6700F85F97 /* KVCODemoUITests.xctest */,
			);
			name = Products;
			sourceTree = "<group>";
		};
		44053BB6270EBB6500F85F97 /* KVCODemo */ = {
			isa = PBXGroup;
			children = (
				44053BB7270EBB6500F85F97 /* AppDelegate.h */,
				44053BB8270EBB6500F85F97 /* AppDelegate.m */,
				44053BBA270EBB6500F85F97 /* ViewController.h */,
				44053BBB270EBB6500F85F97 /* ViewController.m */,
				44053BBD270EBB6600F85F97 /* Assets.xcassets */,
				44053BBF270EBB6600F85F97 /* Main.storyboard */,
				44053BC2270EBB6600F85F97 /* main.m */,
				44053BC4270EBB6600F85F97 /* KVCODemo.entitlements */,
				44053BE6270EBBCA00F85F97 /* MyData.h */,
				44053BE7270EBBCA00F85F97 /* MyData.m */,
				44053BE9270EC1FE00F85F97 /* ProjectModel.h */,
				44053BEA270EC1FE00F85F97 /* ProjectModel.m */,
			);
			path = KVCODemo;
			sourceTree = "<group>";
		};
		44053BCC270EBB6700F85F97 /* KVCODemoTests */ = {
			isa = PBXGroup;
			children = (
				44053BCD270EBB6700F85F97 /* KVCODemoTests.m */,
			);
			path = KVCODemoTests;
			sourceTree = "<group>";
		};
		44053BD6270EBB6700F85F97 /* KVCODemoUITests */ = {
			isa = PBXGroup;
			children = (
				44053BD7270EBB6700F85F97 /* KVCODemoUITests.m */,
				44053BD9270EBB6700F85F97 /* KVCODemoUITestsLaunchTests.m */,
			);
			path = KVCODemoUITests;
			sourceTree = "<group>";
		};
/* End PBXGroup section */

/* Begin PBXNativeTarget section */
		44053BB3270EBB6500F85F97 /* KVCODemo */ = {
			isa = PBXNativeTarget;
			buildConfigurationList = 44053BDD270EBB6700F85F97 /* Build configuration list for PBXNativeTarget "KVCODemo" */;
			buildPhases = (
				44053BB0270EBB6500F85F97 /* Sources */,
				44053BB1270EBB6500F85F97 /* Frameworks */,
				44053BB2270EBB6500F85F97 /* Resources */,
			);
			buildRules = (
			);
			dependencies = (
			);
			name = KVCODemo;
			productName = KVCODemo;
			productReference = 44053BB4270EBB6500F85F97 /* KVCODemo.app */;
			productType = "com.apple.product-type.application";
		};
		44053BC8270EBB6700F85F97 /* KVCODemoTests */ = {
			isa = PBXNativeTarget;
			buildConfigurationList = 44053BE0270EBB6700F85F97 /* Build configuration list for PBXNativeTarget "KVCODemoTests" */;
			buildPhases = (
				44053BC5270EBB6700F85F97 /* Sources */,
				44053BC6270EBB6700F85F97 /* Frameworks */,
				44053BC7270EBB6700F85F97 /* Resources */,
			);
			buildRules = (
			);
			dependencies = (
				44053BCB270EBB6700F85F97 /* PBXTargetDependency */,
			);
			name = KVCODemoTests;
			productName = KVCODemoTests;
			productReference = 44053BC9270EBB6700F85F97 /* KVCODemoTests.xctest */;
			productType = "com.apple.product-type.bundle.unit-test";
		};
		44053BD2270EBB6700F85F97 /* KVCODemoUITests */ = {
			isa = PBXNativeTarget;
			buildConfigurationList = 44053BE3270EBB6700F85F97 /* Build configuration list for PBXNativeTarget "KVCODemoUITests" */;
			buildPhases = (
				44053BCF270EBB6700F85F97 /* Sources */,
				44053BD0270EBB6700F85F97 /* Frameworks */,
				44053BD1270EBB6700F85F97 /* Resources */,
			);
			buildRules = (
			);
			dependencies = (
				44053BD5270EBB6700F85F97 /* PBXTargetDependency */,
			);
			name = KVCODemoUITests;
			productName = KVCODemoUITests;
			productReference = 44053BD3270EBB6700F85F97 /* KVCODemoUITests.xctest */;
			productType = "com.apple.product-type.bundle.ui-testing";
		};
/* End PBXNativeTarget section */

/* Begin PBXProject section */
		44053BAC270EBB6500F85F97 /* Project object */ = {
			isa = PBXProject;
			attributes = {
				BuildIndependentTargetsInParallel = 1;
				LastUpgradeCheck = 1300;
				TargetAttributes = {
					44053BB3270EBB6500F85F97 = {
						CreatedOnToolsVersion = 13.0;
					};
					44053BC8270EBB6700F85F97 = {
						CreatedOnToolsVersion = 13.0;
						TestTargetID = 44053BB3270EBB6500F85F97;
					};
					44053BD2270EBB6700F85F97 = {
						CreatedOnToolsVersion = 13.0;
						TestTargetID = 44053BB3270EBB6500F85F97;
					};
				};
			};
			buildConfigurationList = 44053BAF270EBB6500F85F97 /* Build configuration list for PBXProject "KVCODemo" */;
			compatibilityVersion = "Xcode 13.0";
			developmentRegion = en;
			hasScannedForEncodings = 0;
			knownRegions = (
				en,
				Base,
			);
			mainGroup = 44053BAB270EBB6500F85F97;
			productRefGroup = 44053BB5270EBB6500F85F97 /* Products */;
			projectDirPath = "";
			projectRoot = "";
			targets = (
				44053BB3270EBB6500F85F97 /* KVCODemo */,
				44053BC8270EBB6700F85F97 /* KVCODemoTests */,
				44053BD2270EBB6700F85F97 /* KVCODemoUITests */,
			);
		};
/* End PBXProject section */

/* Begin PBXResourcesBuildPhase section */
		44053BB2270EBB6500F85F97 /* Resources */ = {
			isa = PBXResourcesBuildPhase;
			buildActionMask = 2147483647;
			files = (
				44053BBE270EBB6600F85F97 /* Assets.xcassets in Resources */,
				44053BC1270EBB6600F85F97 /* Main.storyboard in Resources */,
			);
			runOnlyForDeploymentPostprocessing = 0;
		};
		44053BC7270EBB6700F85F97 /* Resources */ = {
			isa = PBXResourcesBuildPhase;
			buildActionMask = 2147483647;
			files = (
			);
			runOnlyForDeploymentPostprocessing = 0;
		};
		44053BD1270EBB6700F85F97 /* Resources */ = {
			isa = PBXResourcesBuildPhase;
			buildActionMask = 2147483647;
			files = (
			);
			runOnlyForDeploymentPostprocessing = 0;
		};
/* End PBXResourcesBuildPhase section */

/* Begin PBXSourcesBuildPhase section */
		44053BB0270EBB6500F85F97 /* Sources */ = {
			isa = PBXSourcesBuildPhase;
			buildActionMask = 2147483647;
			files = (
				44053BBC270EBB6500F85F97 /* ViewController.m in Sources */,
				44053BC3270EBB6600F85F97 /* main.m in Sources */,
				44053BEB270EC1FE00F85F97 /* ProjectModel.m in Sources */,
				44053BB9270EBB6500F85F97 /* AppDelegate.m in Sources */,
				44053BE8270EBBCA00F85F97 /* MyData.m in Sources */,
			);
			runOnlyForDeploymentPostprocessing = 0;
		};
		44053BC5270EBB6700F85F97 /* Sources */ = {
			isa = PBXSourcesBuildPhase;
			buildActionMask = 2147483647;
			files = (
				44053BCE270EBB6700F85F97 /* KVCODemoTests.m in Sources */,
			);
			runOnlyForDeploymentPostprocessing = 0;
		};
		44053BCF270EBB6700F85F97 /* Sources */ = {
			isa = PBXSourcesBuildPhase;
			buildActionMask = 2147483647;
			files = (
				44053BDA270EBB6700F85F97 /* KVCODemoUITestsLaunchTests.m in Sources */,
				44053BD8270EBB6700F85F97 /* KVCODemoUITests.m in Sources */,
			);
			runOnlyForDeploymentPostprocessing = 0;
		};
/* End PBXSourcesBuildPhase section */

/* Begin PBXTargetDependency section */
		44053BCB270EBB6700F85F97 /* PBXTargetDependency */ = {
			isa = PBXTargetDependency;
			target = 44053BB3270EBB6500F85F97 /* KVCODemo */;
			targetProxy = 44053BCA270EBB6700F85F97 /* PBXContainerItemProxy */;
		};
		44053BD5270EBB6700F85F97 /* PBXTargetDependency */ = {
			isa = PBXTargetDependency;
			target = 44053BB3270EBB6500F85F97 /* KVCODemo */;
			targetProxy = 44053BD4270EBB6700F85F97 /* PBXContainerItemProxy */;
		};
/* End PBXTargetDependency section */

/* Begin PBXVariantGroup section */
		44053BBF270EBB6600F85F97 /* Main.storyboard */ = {
			isa = PBXVariantGroup;
			children = (
				44053BC0270EBB6600F85F97 /* Base */,
			);
			name = Main.storyboard;
			sourceTree = "<group>";
		};
/* End PBXVariantGroup section */

/* Begin XCBuildConfiguration section */
		44053BDB270EBB6700F85F97 /* Debug */ = {
			isa = XCBuildConfiguration;
			buildSettings = {
				ALWAYS_SEARCH_USER_PATHS = NO;
				CLANG_ANALYZER_NONNULL = YES;
				CLANG_ANALYZER_NUMBER_OBJECT_CONVERSION = YES_AGGRESSIVE;
				CLANG_CXX_LANGUAGE_STANDARD = "gnu++17";
				CLANG_CXX_LIBRARY = "libc++";
				CLANG_ENABLE_MODULES = YES;
				CLANG_ENABLE_OBJC_ARC = YES;
				CLANG_ENABLE_OBJC_WEAK = YES;
				CLANG_WARN_BLOCK_CAPTURE_AUTORELEASING = YES;
				CLANG_WARN_BOOL_CONVERSION = YES;
				CLANG_WARN_COMMA = YES;
				CLANG_WARN_CONSTANT_CONVERSION = YES;
				CLANG_WARN_DEPRECATED_OBJC_IMPLEMENTATIONS = YES;
				CLANG_WARN_DIRECT_OBJC_ISA_USAGE = YES_ERROR;
				CLANG_WARN_DOCUMENTATION_COMMENTS = YES;
				CLANG_WARN_EMPTY_BODY = YES;
				CLANG_WARN_ENUM_CONVERSION = YES;
				CLANG_WARN_INFINITE_RECURSION = YES;
				CLANG_WARN_INT_CONVERSION = YES;
				CLANG_WARN_NON_LITERAL_NULL_CONVERSION = YES;
				CLANG_WARN_OBJC_IMPLICIT_RETAIN_SELF = YES;
				CLANG_WARN_OBJC_LITERAL_CONVERSION = YES;
				CLANG_WARN_OBJC_ROOT_CLASS = YES_ERROR;
				CLANG_WARN_QUOTED_INCLUDE_IN_FRAMEWORK_HEADER = YES;
				CLANG_WARN_RANGE_LOOP_ANALYSIS = YES;
				CLANG_WARN_STRICT_PROTOTYPES = YES;
				CLANG_WARN_SUSPICIOUS_MOVE = YES;
				CLANG_WARN_UNGUARDED_AVAILABILITY = YES_AGGRESSIVE;
				CLANG_WARN_UNREACHABLE_CODE = YES;
				CLANG_WARN__DUPLICATE_METHOD_MATCH = YES;
				COPY_PHASE_STRIP = NO;
				DEBUG_INFORMATION_FORMAT = dwarf;
				ENABLE_STRICT_OBJC_MSGSEND = YES;
				ENABLE_TESTABILITY = YES;
				GCC_C_LANGUAGE_STANDARD = gnu11;
				GCC_DYNAMIC_NO_PIC = NO;
				GCC_NO_COMMON_BLOCKS = YES;
				GCC_OPTIMIZATION_LEVEL = 0;
				GCC_PREPROCESSOR_DEFINITIONS = (
					"DEBUG=1",
					"$(inherited)",
				);
				GCC_WARN_64_TO_32_BIT_CONVERSION = YES;
				GCC_WARN_ABOUT_RETURN_TYPE = YES_ERROR;
				GCC_WARN_UNDECLARED_SELECTOR = YES;
				GCC_WARN_UNINITIALIZED_AUTOS = YES_AGGRESSIVE;
				GCC_WARN_UNUSED_FUNCTION = YES;
				GCC_WARN_UNUSED_VARIABLE = YES;
				MACOSX_DEPLOYMENT_TARGET = 11.3;
				MTL_ENABLE_DEBUG_INFO = INCLUDE_SOURCE;
				MTL_FAST_MATH = YES;
				ONLY_ACTIVE_ARCH = YES;
				SDKROOT = macosx;
			};
			name = Debug;
		};
		44053BDC270EBB6700F85F97 /* Release */ = {
			isa = XCBuildConfiguration;
			buildSettings = {
				ALWAYS_SEARCH_USER_PATHS = NO;
				CLANG_ANALYZER_NONNULL = YES;
				CLANG_ANALYZER_NUMBER_OBJECT_CONVERSION = YES_AGGRESSIVE;
				CLANG_CXX_LANGUAGE_STANDARD = "gnu++17";
				CLANG_CXX_LIBRARY = "libc++";
				CLANG_ENABLE_MODULES = YES;
				CLANG_ENABLE_OBJC_ARC = YES;
				CLANG_ENABLE_OBJC_WEAK = YES;
				CLANG_WARN_BLOCK_CAPTURE_AUTORELEASING = YES;
				CLANG_WARN_BOOL_CONVERSION = YES;
				CLANG_WARN_COMMA = YES;
				CLANG_WARN_CONSTANT_CONVERSION = YES;
				CLANG_WARN_DEPRECATED_OBJC_IMPLEMENTATIONS = YES;
				CLANG_WARN_DIRECT_OBJC_ISA_USAGE = YES_ERROR;
				CLANG_WARN_DOCUMENTATION_COMMENTS = YES;
				CLANG_WARN_EMPTY_BODY = YES;
				CLANG_WARN_ENUM_CONVERSION = YES;
				CLANG_WARN_INFINITE_RECURSION = YES;
				CLANG_WARN_INT_CONVERSION = YES;
				CLANG_WARN_NON_LITERAL_NULL_CONVERSION = YES;
				CLANG_WARN_OBJC_IMPLICIT_RETAIN_SELF = YES;
				CLANG_WARN_OBJC_LITERAL_CONVERSION = YES;
				CLANG_WARN_OBJC_ROOT_CLASS = YES_ERROR;
				CLANG_WARN_QUOTED_INCLUDE_IN_FRAMEWORK_HEADER = YES;
				CLANG_WARN_RANGE_LOOP_ANALYSIS = YES;
				CLANG_WARN_STRICT_PROTOTYPES = YES;
				CLANG_WARN_SUSPICIOUS_MOVE = YES;
				CLANG_WARN_UNGUARDED_AVAILABILITY = YES_AGGRESSIVE;
				CLANG_WARN_UNREACHABLE_CODE = YES;
				CLANG_WARN__DUPLICATE_METHOD_MATCH = YES;
				COPY_PHASE_STRIP = NO;
				DEBUG_INFORMATION_FORMAT = "dwarf-with-dsym";
				ENABLE_NS_ASSERTIONS = NO;
				ENABLE_STRICT_OBJC_MSGSEND = YES;
				GCC_C_LANGUAGE_STANDARD = gnu11;
				GCC_NO_COMMON_BLOCKS = YES;
				GCC_WARN_64_TO_32_BIT_CONVERSION = YES;
				GCC_WARN_ABOUT_RETURN_TYPE = YES_ERROR;
				GCC_WARN_UNDECLARED_SELECTOR = YES;
				GCC_WARN_UNINITIALIZED_AUTOS = YES_AGGRESSIVE;
				GCC_WARN_UNUSED_FUNCTION = YES;
				GCC_WARN_UNUSED_VARIABLE = YES;
				MACOSX_DEPLOYMENT_TARGET = 11.3;
				MTL_ENABLE_DEBUG_INFO = NO;
				MTL_FAST_MATH = YES;
				SDKROOT = macosx;
			};
			name = Release;
		};
		44053BDE270EBB6700F85F97 /* Debug */ = {
			isa = XCBuildConfiguration;
			buildSettings = {
				ASSETCATALOG_COMPILER_APPICON_NAME = AppIcon;
				ASSETCATALOG_COMPILER_GLOBAL_ACCENT_COLOR_NAME = AccentColor;
				CODE_SIGN_ENTITLEMENTS = KVCODemo/KVCODemo.entitlements;
				CODE_SIGN_STYLE = Automatic;
				COMBINE_HIDPI_IMAGES = YES;
				CURRENT_PROJECT_VERSION = 1;
				DEVELOPMENT_TEAM = 7JQB5ZNKBC;
				ENABLE_HARDENED_RUNTIME = YES;
				GENERATE_INFOPLIST_FILE = YES;
				INFOPLIST_KEY_NSHumanReadableCopyright = "";
				INFOPLIST_KEY_NSMainStoryboardFile = Main;
				INFOPLIST_KEY_NSPrincipalClass = NSApplication;
				LD_RUNPATH_SEARCH_PATHS = (
					"$(inherited)",
					"@executable_path/../Frameworks",
				);
				MARKETING_VERSION = 1.0;
				PRODUCT_BUNDLE_IDENTIFIER = com.intuit.ios.KVCODemo;
				PRODUCT_NAME = "$(TARGET_NAME)";
				SWIFT_EMIT_LOC_STRINGS = YES;
			};
			name = Debug;
		};
		44053BDF270EBB6700F85F97 /* Release */ = {
			isa = XCBuildConfiguration;
			buildSettings = {
				ASSETCATALOG_COMPILER_APPICON_NAME = AppIcon;
				ASSETCATALOG_COMPILER_GLOBAL_ACCENT_COLOR_NAME = AccentColor;
				CODE_SIGN_ENTITLEMENTS = KVCODemo/KVCODemo.entitlements;
				CODE_SIGN_STYLE = Automatic;
				COMBINE_HIDPI_IMAGES = YES;
				CURRENT_PROJECT_VERSION = 1;
				DEVELOPMENT_TEAM = 7JQB5ZNKBC;
				ENABLE_HARDENED_RUNTIME = YES;
				GENERATE_INFOPLIST_FILE = YES;
				INFOPLIST_KEY_NSHumanReadableCopyright = "";
				INFOPLIST_KEY_NSMainStoryboardFile = Main;
				INFOPLIST_KEY_NSPrincipalClass = NSApplication;
				LD_RUNPATH_SEARCH_PATHS = (
					"$(inherited)",
					"@executable_path/../Frameworks",
				);
				MARKETING_VERSION = 1.0;
				PRODUCT_BUNDLE_IDENTIFIER = com.intuit.ios.KVCODemo;
				PRODUCT_NAME = "$(TARGET_NAME)";
				SWIFT_EMIT_LOC_STRINGS = YES;
			};
			name = Release;
		};
		44053BE1270EBB6700F85F97 /* Debug */ = {
			isa = XCBuildConfiguration;
			buildSettings = {
				BUNDLE_LOADER = "$(TEST_HOST)";
				CODE_SIGN_STYLE = Automatic;
				COMBINE_HIDPI_IMAGES = YES;
				CURRENT_PROJECT_VERSION = 1;
				DEVELOPMENT_TEAM = 7JQB5ZNKBC;
				GENERATE_INFOPLIST_FILE = YES;
				LD_RUNPATH_SEARCH_PATHS = (
					"$(inherited)",
					"@executable_path/../Frameworks",
					"@loader_path/../Frameworks",
				);
				MACOSX_DEPLOYMENT_TARGET = 11.3;
				MARKETING_VERSION = 1.0;
				PRODUCT_BUNDLE_IDENTIFIER = com.intuit.ios.KVCODemoTests;
				PRODUCT_NAME = "$(TARGET_NAME)";
				SWIFT_EMIT_LOC_STRINGS = NO;
				TEST_HOST = "$(BUILT_PRODUCTS_DIR)/KVCODemo.app/Contents/MacOS/KVCODemo";
			};
			name = Debug;
		};
		44053BE2270EBB6700F85F97 /* Release */ = {
			isa = XCBuildConfiguration;
			buildSettings = {
				BUNDLE_LOADER = "$(TEST_HOST)";
				CODE_SIGN_STYLE = Automatic;
				COMBINE_HIDPI_IMAGES = YES;
				CURRENT_PROJECT_VERSION = 1;
				DEVELOPMENT_TEAM = 7JQB5ZNKBC;
				GENERATE_INFOPLIST_FILE = YES;
				LD_RUNPATH_SEARCH_PATHS = (
					"$(inherited)",
					"@executable_path/../Frameworks",
					"@loader_path/../Frameworks",
				);
				MACOSX_DEPLOYMENT_TARGET = 11.3;
				MARKETING_VERSION = 1.0;
				PRODUCT_BUNDLE_IDENTIFIER = com.intuit.ios.KVCODemoTests;
				PRODUCT_NAME = "$(TARGET_NAME)";
				SWIFT_EMIT_LOC_STRINGS = NO;
				TEST_HOST = "$(BUILT_PRODUCTS_DIR)/KVCODemo.app/Contents/MacOS/KVCODemo";
			};
			name = Release;
		};
		44053BE4270EBB6700F85F97 /* Debug */ = {
			isa = XCBuildConfiguration;
			buildSettings = {
				CODE_SIGN_STYLE = Automatic;
				COMBINE_HIDPI_IMAGES = YES;
				CURRENT_PROJECT_VERSION = 1;
				DEVELOPMENT_TEAM = 7JQB5ZNKBC;
				GENERATE_INFOPLIST_FILE = YES;
				LD_RUNPATH_SEARCH_PATHS = (
					"$(inherited)",
					"@executable_path/../Frameworks",
					"@loader_path/../Frameworks",
				);
				MARKETING_VERSION = 1.0;
				PRODUCT_BUNDLE_IDENTIFIER = com.intuit.ios.KVCODemoUITests;
				PRODUCT_NAME = "$(TARGET_NAME)";
				SWIFT_EMIT_LOC_STRINGS = NO;
				TEST_TARGET_NAME = KVCODemo;
			};
			name = Debug;
		};
		44053BE5270EBB6700F85F97 /* Release */ = {
			isa = XCBuildConfiguration;
			buildSettings = {
				CODE_SIGN_STYLE = Automatic;
				COMBINE_HIDPI_IMAGES = YES;
				CURRENT_PROJECT_VERSION = 1;
				DEVELOPMENT_TEAM = 7JQB5ZNKBC;
				GENERATE_INFOPLIST_FILE = YES;
				LD_RUNPATH_SEARCH_PATHS = (
					"$(inherited)",
					"@executable_path/../Frameworks",
					"@loader_path/../Frameworks",
				);
				MARKETING_VERSION = 1.0;
				PRODUCT_BUNDLE_IDENTIFIER = com.intuit.ios.KVCODemoUITests;
				PRODUCT_NAME = "$(TARGET_NAME)";
				SWIFT_EMIT_LOC_STRINGS = NO;
				TEST_TARGET_NAME = KVCODemo;
			};
			name = Release;
		};
/* End XCBuildConfiguration section */

/* Begin XCConfigurationList section */
		44053BAF270EBB6500F85F97 /* Build configuration list for PBXProject "KVCODemo" */ = {
			isa = XCConfigurationList;
			buildConfigurations = (
				44053BDB270EBB6700F85F97 /* Debug */,
				44053BDC270EBB6700F85F97 /* Release */,
			);
			defaultConfigurationIsVisible = 0;
			defaultConfigurationName = Release;
		};
		44053BDD270EBB6700F85F97 /* Build configuration list for PBXNativeTarget "KVCODemo" */ = {
			isa = XCConfigurationList;
			buildConfigurations = (
				44053BDE270EBB6700F85F97 /* Debug */,
				44053BDF270EBB6700F85F97 /* Release */,
			);
			defaultConfigurationIsVisible = 0;
			defaultConfigurationName = Release;
		};
		44053BE0270EBB6700F85F97 /* Build configuration list for PBXNativeTarget "KVCODemoTests" */ = {
			isa = XCConfigurationList;
			buildConfigurations = (
				44053BE1270EBB6700F85F97 /* Debug */,
				44053BE2270EBB6700F85F97 /* Release */,
			);
			defaultConfigurationIsVisible = 0;
			defaultConfigurationName = Release;
		};
		44053BE3270EBB6700F85F97 /* Build configuration list for PBXNativeTarget "KVCODemoUITests" */ = {
			isa = XCConfigurationList;
			buildConfigurations = (
				44053BE4270EBB6700F85F97 /* Debug */,
				44053BE5270EBB6700F85F97 /* Release */,
			);
			defaultConfigurationIsVisible = 0;
			defaultConfigurationName = Release;
		};
/* End XCConfigurationList section */
	};
	rootObject = 44053BAC270EBB6500F85F97 /* Project object */;
}
