// !$*UTF8*$!
{
	archiveVersion = 1;
	classes = {
	};
	objectVersion = 55;
	objects = {

/* Begin PBXBuildFile section */
		4415B117270D7DB700FCA191 /* ListViewController.m in Sources */ = {isa = PBXBuildFile; fileRef = 4415B116270D7DB700FCA191 /* ListViewController.m */; };
		44215A37270D6FA00018DFBC /* BrowserViewController.m in Sources */ = {isa = PBXBuildFile; fileRef = 44215A36270D6FA00018DFBC /* BrowserViewController.m */; };
		44CF3C47270C1D2B00FEECAB /* AppDelegate.m in Sources */ = {isa = PBXBuildFile; fileRef = 44CF3C46270C1D2B00FEECAB /* AppDelegate.m */; };
		44CF3C4A270C1D2B00FEECAB /* ViewController.m in Sources */ = {isa = PBXBuildFile; fileRef = 44CF3C49270C1D2B00FEECAB /* ViewController.m */; };
		44CF3C4C270C1D2C00FEECAB /* Assets.xcassets in Resources */ = {isa = PBXBuildFile; fileRef = 44CF3C4B270C1D2C00FEECAB /* Assets.xcassets */; };
		44CF3C4F270C1D2C00FEECAB /* Main.storyboard in Resources */ = {isa = PBXBuildFile; fileRef = 44CF3C4D270C1D2C00FEECAB /* Main.storyboard */; };
		44CF3C51270C1D2C00FEECAB /* main.m in Sources */ = {isa = PBXBuildFile; fileRef = 44CF3C50270C1D2C00FEECAB /* main.m */; };
		44CF3C5C270C1D2D00FEECAB /* MyFirstAppTests.m in Sources */ = {isa = PBXBuildFile; fileRef = 44CF3C5B270C1D2D00FEECAB /* MyFirstAppTests.m */; };
		44CF3C66270C1D2D00FEECAB /* MyFirstAppUITests.m in Sources */ = {isa = PBXBuildFile; fileRef = 44CF3C65270C1D2D00FEECAB /* MyFirstAppUITests.m */; };
		44CF3C68270C1D2D00FEECAB /* MyFirstAppUITestsLaunchTests.m in Sources */ = {isa = PBXBuildFile; fileRef = 44CF3C67270C1D2D00FEECAB /* MyFirstAppUITestsLaunchTests.m */; };
/* End PBXBuildFile section */

/* Begin PBXContainerItemProxy section */
		44CF3C58270C1D2D00FEECAB /* PBXContainerItemProxy */ = {
			isa = PBXContainerItemProxy;
			containerPortal = 44CF3C3A270C1D2B00FEECAB /* Project object */;
			proxyType = 1;
			remoteGlobalIDString = 44CF3C41270C1D2B00FEECAB;
			remoteInfo = MyFirstApp;
		};
		44CF3C62270C1D2D00FEECAB /* PBXContainerItemProxy */ = {
			isa = PBXContainerItemProxy;
			containerPortal = 44CF3C3A270C1D2B00FEECAB /* Project object */;
			proxyType = 1;
			remoteGlobalIDString = 44CF3C41270C1D2B00FEECAB;
			remoteInfo = MyFirstApp;
		};
/* End PBXContainerItemProxy section */

/* Begin PBXFileReference section */
		4415B115270D7DB700FCA191 /* ListViewController.h */ = {isa = PBXFileReference; lastKnownFileType = sourcecode.c.h; path = ListViewController.h; sourceTree = "<group>"; };
		4415B116270D7DB700FCA191 /* ListViewController.m */ = {isa = PBXFileReference; lastKnownFileType = sourcecode.c.objc; path = ListViewController.m; sourceTree = "<group>"; };
		44215A35270D6FA00018DFBC /* BrowserViewController.h */ = {isa = PBXFileReference; lastKnownFileType = sourcecode.c.h; path = BrowserViewController.h; sourceTree = "<group>"; };
		44215A36270D6FA00018DFBC /* BrowserViewController.m */ = {isa = PBXFileReference; lastKnownFileType = sourcecode.c.objc; path = BrowserViewController.m; sourceTree = "<group>"; };
		44CF3C42270C1D2B00FEECAB /* MyFirstApp.app */ = {isa = PBXFileReference; explicitFileType = wrapper.application; includeInIndex = 0; path = MyFirstApp.app; sourceTree = BUILT_PRODUCTS_DIR; };
		44CF3C45270C1D2B00FEECAB /* AppDelegate.h */ = {isa = PBXFileReference; lastKnownFileType = sourcecode.c.h; path = AppDelegate.h; sourceTree = "<group>"; };
		44CF3C46270C1D2B00FEECAB /* AppDelegate.m */ = {isa = PBXFileReference; lastKnownFileType = sourcecode.c.objc; path = AppDelegate.m; sourceTree = "<group>"; };
		44CF3C48270C1D2B00FEECAB /* ViewController.h */ = {isa = PBXFileReference; lastKnownFileType = sourcecode.c.h; path = ViewController.h; sourceTree = "<group>"; };
		44CF3C49270C1D2B00FEECAB /* ViewController.m */ = {isa = PBXFileReference; lastKnownFileType = sourcecode.c.objc; path = ViewController.m; sourceTree = "<group>"; };
		44CF3C4B270C1D2C00FEECAB /* Assets.xcassets */ = {isa = PBXFileReference; lastKnownFileType = folder.assetcatalog; path = Assets.xcassets; sourceTree = "<group>"; };
		44CF3C4E270C1D2C00FEECAB /* Base */ = {isa = PBXFileReference; lastKnownFileType = file.storyboard; name = Base; path = Base.lproj/Main.storyboard; sourceTree = "<group>"; };
		44CF3C50270C1D2C00FEECAB /* main.m */ = {isa = PBXFileReference; lastKnownFileType = sourcecode.c.objc; path = main.m; sourceTree = "<group>"; };
		44CF3C52270C1D2C00FEECAB /* MyFirstApp.entitlements */ = {isa = PBXFileReference; lastKnownFileType = text.plist.entitlements; path = MyFirstApp.entitlements; sourceTree = "<group>"; };
		44CF3C57270C1D2D00FEECAB /* MyFirstAppTests.xctest */ = {isa = PBXFileReference; explicitFileType = wrapper.cfbundle; includeInIndex = 0; path = MyFirstAppTests.xctest; sourceTree = BUILT_PRODUCTS_DIR; };
		44CF3C5B270C1D2D00FEECAB /* MyFirstAppTests.m */ = {isa = PBXFileReference; lastKnownFileType = sourcecode.c.objc; path = MyFirstAppTests.m; sourceTree = "<group>"; };
		44CF3C61270C1D2D00FEECAB /* MyFirstAppUITests.xctest */ = {isa = PBXFileReference; explicitFileType = wrapper.cfbundle; includeInIndex = 0; path = MyFirstAppUITests.xctest; sourceTree = BUILT_PRODUCTS_DIR; };
		44CF3C65270C1D2D00FEECAB /* MyFirstAppUITests.m */ = {isa = PBXFileReference; lastKnownFileType = sourcecode.c.objc; path = MyFirstAppUITests.m; sourceTree = "<group>"; };
		44CF3C67270C1D2D00FEECAB /* MyFirstAppUITestsLaunchTests.m */ = {isa = PBXFileReference; lastKnownFileType = sourcecode.c.objc; path = MyFirstAppUITestsLaunchTests.m; sourceTree = "<group>"; };
/* End PBXFileReference section */

/* Begin PBXFrameworksBuildPhase section */
		44CF3C3F270C1D2B00FEECAB /* Frameworks */ = {
			isa = PBXFrameworksBuildPhase;
			buildActionMask = 2147483647;
			files = (
			);
			runOnlyForDeploymentPostprocessing = 0;
		};
		44CF3C54270C1D2D00FEECAB /* Frameworks */ = {
			isa = PBXFrameworksBuildPhase;
			buildActionMask = 2147483647;
			files = (
			);
			runOnlyForDeploymentPostprocessing = 0;
		};
		44CF3C5E270C1D2D00FEECAB /* Frameworks */ = {
			isa = PBXFrameworksBuildPhase;
			buildActionMask = 2147483647;
			files = (
			);
			runOnlyForDeploymentPostprocessing = 0;
		};
/* End PBXFrameworksBuildPhase section */

/* Begin PBXGroup section */
		441F55ED270D8B5F00E18EDD /* BrowserViewController */ = {
			isa = PBXGroup;
			children = (
				44215A35270D6FA00018DFBC /* BrowserViewController.h */,
				44215A36270D6FA00018DFBC /* BrowserViewController.m */,
			);
			path = BrowserViewController;
			sourceTree = "<group>";
		};
		441F55EE270D8B9600E18EDD /* LandingViewController */ = {
			isa = PBXGroup;
			children = (
				44CF3C48270C1D2B00FEECAB /* ViewController.h */,
				44CF3C49270C1D2B00FEECAB /* ViewController.m */,
			);
			path = LandingViewController;
			sourceTree = "<group>";
		};
		441F55F0270D8BB200E18EDD /* HobbiesViewController */ = {
			isa = PBXGroup;
			children = (
				4415B115270D7DB700FCA191 /* ListViewController.h */,
				4415B116270D7DB700FCA191 /* ListViewController.m */,
			);
			path = HobbiesViewController;
			sourceTree = "<group>";
		};
		44CF3C39270C1D2B00FEECAB = {
			isa = PBXGroup;
			children = (
				44CF3C44270C1D2B00FEECAB /* MyFirstApp */,
				44CF3C5A270C1D2D00FEECAB /* MyFirstAppTests */,
				44CF3C64270C1D2D00FEECAB /* MyFirstAppUITests */,
				44CF3C43270C1D2B00FEECAB /* Products */,
			);
			sourceTree = "<group>";
		};
		44CF3C43270C1D2B00FEECAB /* Products */ = {
			isa = PBXGroup;
			children = (
				44CF3C42270C1D2B00FEECAB /* MyFirstApp.app */,
				44CF3C57270C1D2D00FEECAB /* MyFirstAppTests.xctest */,
				44CF3C61270C1D2D00FEECAB /* MyFirstAppUITests.xctest */,
			);
			name = Products;
			sourceTree = "<group>";
		};
		44CF3C44270C1D2B00FEECAB /* MyFirstApp */ = {
			isa = PBXGroup;
			children = (
				44CF3C45270C1D2B00FEECAB /* AppDelegate.h */,
				44CF3C46270C1D2B00FEECAB /* AppDelegate.m */,
				44CF3C4B270C1D2C00FEECAB /* Assets.xcassets */,
				44CF3C4D270C1D2C00FEECAB /* Main.storyboard */,
				44CF3C50270C1D2C00FEECAB /* main.m */,
				44CF3C52270C1D2C00FEECAB /* MyFirstApp.entitlements */,
				441F55EE270D8B9600E18EDD /* LandingViewController */,
				441F55ED270D8B5F00E18EDD /* BrowserViewController */,
				441F55F0270D8BB200E18EDD /* HobbiesViewController */,
			);
			path = MyFirstApp;
			sourceTree = "<group>";
		};
		44CF3C5A270C1D2D00FEECAB /* MyFirstAppTests */ = {
			isa = PBXGroup;
			children = (
				44CF3C5B270C1D2D00FEECAB /* MyFirstAppTests.m */,
			);
			path = MyFirstAppTests;
			sourceTree = "<group>";
		};
		44CF3C64270C1D2D00FEECAB /* MyFirstAppUITests */ = {
			isa = PBXGroup;
			children = (
				44CF3C65270C1D2D00FEECAB /* MyFirstAppUITests.m */,
				44CF3C67270C1D2D00FEECAB /* MyFirstAppUITestsLaunchTests.m */,
			);
			path = MyFirstAppUITests;
			sourceTree = "<group>";
		};
/* End PBXGroup section */

/* Begin PBXNativeTarget section */
		44CF3C41270C1D2B00FEECAB /* MyFirstApp */ = {
			isa = PBXNativeTarget;
			buildConfigurationList = 44CF3C6B270C1D2D00FEECAB /* Build configuration list for PBXNativeTarget "MyFirstApp" */;
			buildPhases = (
				44CF3C3E270C1D2B00FEECAB /* Sources */,
				44CF3C3F270C1D2B00FEECAB /* Frameworks */,
				44CF3C40270C1D2B00FEECAB /* Resources */,
			);
			buildRules = (
			);
			dependencies = (
			);
			name = MyFirstApp;
			productName = MyFirstApp;
			productReference = 44CF3C42270C1D2B00FEECAB /* MyFirstApp.app */;
			productType = "com.apple.product-type.application";
		};
		44CF3C56270C1D2D00FEECAB /* MyFirstAppTests */ = {
			isa = PBXNativeTarget;
			buildConfigurationList = 44CF3C6E270C1D2D00FEECAB /* Build configuration list for PBXNativeTarget "MyFirstAppTests" */;
			buildPhases = (
				44CF3C53270C1D2D00FEECAB /* Sources */,
				44CF3C54270C1D2D00FEECAB /* Frameworks */,
				44CF3C55270C1D2D00FEECAB /* Resources */,
			);
			buildRules = (
			);
			dependencies = (
				44CF3C59270C1D2D00FEECAB /* PBXTargetDependency */,
			);
			name = MyFirstAppTests;
			productName = MyFirstAppTests;
			productReference = 44CF3C57270C1D2D00FEECAB /* MyFirstAppTests.xctest */;
			productType = "com.apple.product-type.bundle.unit-test";
		};
		44CF3C60270C1D2D00FEECAB /* MyFirstAppUITests */ = {
			isa = PBXNativeTarget;
			buildConfigurationList = 44CF3C71270C1D2D00FEECAB /* Build configuration list for PBXNativeTarget "MyFirstAppUITests" */;
			buildPhases = (
				44CF3C5D270C1D2D00FEECAB /* Sources */,
				44CF3C5E270C1D2D00FEECAB /* Frameworks */,
				44CF3C5F270C1D2D00FEECAB /* Resources */,
			);
			buildRules = (
			);
			dependencies = (
				44CF3C63270C1D2D00FEECAB /* PBXTargetDependency */,
			);
			name = MyFirstAppUITests;
			productName = MyFirstAppUITests;
			productReference = 44CF3C61270C1D2D00FEECAB /* MyFirstAppUITests.xctest */;
			productType = "com.apple.product-type.bundle.ui-testing";
		};
/* End PBXNativeTarget section */

/* Begin PBXProject section */
		44CF3C3A270C1D2B00FEECAB /* Project object */ = {
			isa = PBXProject;
			attributes = {
				BuildIndependentTargetsInParallel = 1;
				LastUpgradeCheck = 1300;
				TargetAttributes = {
					44CF3C41270C1D2B00FEECAB = {
						CreatedOnToolsVersion = 13.0;
					};
					44CF3C56270C1D2D00FEECAB = {
						CreatedOnToolsVersion = 13.0;
						TestTargetID = 44CF3C41270C1D2B00FEECAB;
					};
					44CF3C60270C1D2D00FEECAB = {
						CreatedOnToolsVersion = 13.0;
						TestTargetID = 44CF3C41270C1D2B00FEECAB;
					};
				};
			};
			buildConfigurationList = 44CF3C3D270C1D2B00FEECAB /* Build configuration list for PBXProject "MyFirstApp" */;
			compatibilityVersion = "Xcode 13.0";
			developmentRegion = en;
			hasScannedForEncodings = 0;
			knownRegions = (
				en,
				Base,
			);
			mainGroup = 44CF3C39270C1D2B00FEECAB;
			productRefGroup = 44CF3C43270C1D2B00FEECAB /* Products */;
			projectDirPath = "";
			projectRoot = "";
			targets = (
				44CF3C41270C1D2B00FEECAB /* MyFirstApp */,
				44CF3C56270C1D2D00FEECAB /* MyFirstAppTests */,
				44CF3C60270C1D2D00FEECAB /* MyFirstAppUITests */,
			);
		};
/* End PBXProject section */

/* Begin PBXResourcesBuildPhase section */
		44CF3C40270C1D2B00FEECAB /* Resources */ = {
			isa = PBXResourcesBuildPhase;
			buildActionMask = 2147483647;
			files = (
				44CF3C4C270C1D2C00FEECAB /* Assets.xcassets in Resources */,
				44CF3C4F270C1D2C00FEECAB /* Main.storyboard in Resources */,
			);
			runOnlyForDeploymentPostprocessing = 0;
		};
		44CF3C55270C1D2D00FEECAB /* Resources */ = {
			isa = PBXResourcesBuildPhase;
			buildActionMask = 2147483647;
			files = (
			);
			runOnlyForDeploymentPostprocessing = 0;
		};
		44CF3C5F270C1D2D00FEECAB /* Resources */ = {
			isa = PBXResourcesBuildPhase;
			buildActionMask = 2147483647;
			files = (
			);
			runOnlyForDeploymentPostprocessing = 0;
		};
/* End PBXResourcesBuildPhase section */

/* Begin PBXSourcesBuildPhase section */
		44CF3C3E270C1D2B00FEECAB /* Sources */ = {
			isa = PBXSourcesBuildPhase;
			buildActionMask = 2147483647;
			files = (
				4415B117270D7DB700FCA191 /* ListViewController.m in Sources */,
				44CF3C4A270C1D2B00FEECAB /* ViewController.m in Sources */,
				44215A37270D6FA00018DFBC /* BrowserViewController.m in Sources */,
				44CF3C51270C1D2C00FEECAB /* main.m in Sources */,
				44CF3C47270C1D2B00FEECAB /* AppDelegate.m in Sources */,
			);
			runOnlyForDeploymentPostprocessing = 0;
		};
		44CF3C53270C1D2D00FEECAB /* Sources */ = {
			isa = PBXSourcesBuildPhase;
			buildActionMask = 2147483647;
			files = (
				44CF3C5C270C1D2D00FEECAB /* MyFirstAppTests.m in Sources */,
			);
			runOnlyForDeploymentPostprocessing = 0;
		};
		44CF3C5D270C1D2D00FEECAB /* Sources */ = {
			isa = PBXSourcesBuildPhase;
			buildActionMask = 2147483647;
			files = (
				44CF3C66270C1D2D00FEECAB /* MyFirstAppUITests.m in Sources */,
				44CF3C68270C1D2D00FEECAB /* MyFirstAppUITestsLaunchTests.m in Sources */,
			);
			runOnlyForDeploymentPostprocessing = 0;
		};
/* End PBXSourcesBuildPhase section */

/* Begin PBXTargetDependency section */
		44CF3C59270C1D2D00FEECAB /* PBXTargetDependency */ = {
			isa = PBXTargetDependency;
			target = 44CF3C41270C1D2B00FEECAB /* MyFirstApp */;
			targetProxy = 44CF3C58270C1D2D00FEECAB /* PBXContainerItemProxy */;
		};
		44CF3C63270C1D2D00FEECAB /* PBXTargetDependency */ = {
			isa = PBXTargetDependency;
			target = 44CF3C41270C1D2B00FEECAB /* MyFirstApp */;
			targetProxy = 44CF3C62270C1D2D00FEECAB /* PBXContainerItemProxy */;
		};
/* End PBXTargetDependency section */

/* Begin PBXVariantGroup section */
		44CF3C4D270C1D2C00FEECAB /* Main.storyboard */ = {
			isa = PBXVariantGroup;
			children = (
				44CF3C4E270C1D2C00FEECAB /* Base */,
			);
			name = Main.storyboard;
			sourceTree = "<group>";
		};
/* End PBXVariantGroup section */

/* Begin XCBuildConfiguration section */
		44CF3C69270C1D2D00FEECAB /* Debug */ = {
			isa = XCBuildConfiguration;
			buildSettings = {
				ALWAYS_SEARCH_USER_PATHS = NO;
				CLANG_ANALYZER_NONNULL = YES;
				CLANG_ANALYZER_NUMBER_OBJECT_CONVERSION = YES_AGGRESSIVE;
				CLANG_CXX_LANGUAGE_STANDARD = "gnu++17";
				CLANG_CXX_LIBRARY = "libc++";
				CLANG_ENABLE_MODULES = YES;
				CLANG_ENABLE_OBJC_ARC = YES;
				CLANG_ENABLE_OBJC_WEAK = YES;
				CLANG_WARN_BLOCK_CAPTURE_AUTORELEASING = YES;
				CLANG_WARN_BOOL_CONVERSION = YES;
				CLANG_WARN_COMMA = YES;
				CLANG_WARN_CONSTANT_CONVERSION = YES;
				CLANG_WARN_DEPRECATED_OBJC_IMPLEMENTATIONS = YES;
				CLANG_WARN_DIRECT_OBJC_ISA_USAGE = YES_ERROR;
				CLANG_WARN_DOCUMENTATION_COMMENTS = YES;
				CLANG_WARN_EMPTY_BODY = YES;
				CLANG_WARN_ENUM_CONVERSION = YES;
				CLANG_WARN_INFINITE_RECURSION = YES;
				CLANG_WARN_INT_CONVERSION = YES;
				CLANG_WARN_NON_LITERAL_NULL_CONVERSION = YES;
				CLANG_WARN_OBJC_IMPLICIT_RETAIN_SELF = YES;
				CLANG_WARN_OBJC_LITERAL_CONVERSION = YES;
				CLANG_WARN_OBJC_ROOT_CLASS = YES_ERROR;
				CLANG_WARN_QUOTED_INCLUDE_IN_FRAMEWORK_HEADER = YES;
				CLANG_WARN_RANGE_LOOP_ANALYSIS = YES;
				CLANG_WARN_STRICT_PROTOTYPES = YES;
				CLANG_WARN_SUSPICIOUS_MOVE = YES;
				CLANG_WARN_UNGUARDED_AVAILABILITY = YES_AGGRESSIVE;
				CLANG_WARN_UNREACHABLE_CODE = YES;
				CLANG_WARN__DUPLICATE_METHOD_MATCH = YES;
				COPY_PHASE_STRIP = NO;
				DEBUG_INFORMATION_FORMAT = dwarf;
				ENABLE_STRICT_OBJC_MSGSEND = YES;
				ENABLE_TESTABILITY = YES;
				GCC_C_LANGUAGE_STANDARD = gnu11;
				GCC_DYNAMIC_NO_PIC = NO;
				GCC_NO_COMMON_BLOCKS = YES;
				GCC_OPTIMIZATION_LEVEL = 0;
				GCC_PREPROCESSOR_DEFINITIONS = (
					"DEBUG=1",
					"$(inherited)",
				);
				GCC_WARN_64_TO_32_BIT_CONVERSION = YES;
				GCC_WARN_ABOUT_RETURN_TYPE = YES_ERROR;
				GCC_WARN_UNDECLARED_SELECTOR = YES;
				GCC_WARN_UNINITIALIZED_AUTOS = YES_AGGRESSIVE;
				GCC_WARN_UNUSED_FUNCTION = YES;
				GCC_WARN_UNUSED_VARIABLE = YES;
				MACOSX_DEPLOYMENT_TARGET = 11.3;
				MTL_ENABLE_DEBUG_INFO = INCLUDE_SOURCE;
				MTL_FAST_MATH = YES;
				ONLY_ACTIVE_ARCH = YES;
				SDKROOT = macosx;
			};
			name = Debug;
		};
		44CF3C6A270C1D2D00FEECAB /* Release */ = {
			isa = XCBuildConfiguration;
			buildSettings = {
				ALWAYS_SEARCH_USER_PATHS = NO;
				CLANG_ANALYZER_NONNULL = YES;
				CLANG_ANALYZER_NUMBER_OBJECT_CONVERSION = YES_AGGRESSIVE;
				CLANG_CXX_LANGUAGE_STANDARD = "gnu++17";
				CLANG_CXX_LIBRARY = "libc++";
				CLANG_ENABLE_MODULES = YES;
				CLANG_ENABLE_OBJC_ARC = YES;
				CLANG_ENABLE_OBJC_WEAK = YES;
				CLANG_WARN_BLOCK_CAPTURE_AUTORELEASING = YES;
				CLANG_WARN_BOOL_CONVERSION = YES;
				CLANG_WARN_COMMA = YES;
				CLANG_WARN_CONSTANT_CONVERSION = YES;
				CLANG_WARN_DEPRECATED_OBJC_IMPLEMENTATIONS = YES;
				CLANG_WARN_DIRECT_OBJC_ISA_USAGE = YES_ERROR;
				CLANG_WARN_DOCUMENTATION_COMMENTS = YES;
				CLANG_WARN_EMPTY_BODY = YES;
				CLANG_WARN_ENUM_CONVERSION = YES;
				CLANG_WARN_INFINITE_RECURSION = YES;
				CLANG_WARN_INT_CONVERSION = YES;
				CLANG_WARN_NON_LITERAL_NULL_CONVERSION = YES;
				CLANG_WARN_OBJC_IMPLICIT_RETAIN_SELF = YES;
				CLANG_WARN_OBJC_LITERAL_CONVERSION = YES;
				CLANG_WARN_OBJC_ROOT_CLASS = YES_ERROR;
				CLANG_WARN_QUOTED_INCLUDE_IN_FRAMEWORK_HEADER = YES;
				CLANG_WARN_RANGE_LOOP_ANALYSIS = YES;
				CLANG_WARN_STRICT_PROTOTYPES = YES;
				CLANG_WARN_SUSPICIOUS_MOVE = YES;
				CLANG_WARN_UNGUARDED_AVAILABILITY = YES_AGGRESSIVE;
				CLANG_WARN_UNREACHABLE_CODE = YES;
				CLANG_WARN__DUPLICATE_METHOD_MATCH = YES;
				COPY_PHASE_STRIP = NO;
				DEBUG_INFORMATION_FORMAT = "dwarf-with-dsym";
				ENABLE_NS_ASSERTIONS = NO;
				ENABLE_STRICT_OBJC_MSGSEND = YES;
				GCC_C_LANGUAGE_STANDARD = gnu11;
				GCC_NO_COMMON_BLOCKS = YES;
				GCC_WARN_64_TO_32_BIT_CONVERSION = YES;
				GCC_WARN_ABOUT_RETURN_TYPE = YES_ERROR;
				GCC_WARN_UNDECLARED_SELECTOR = YES;
				GCC_WARN_UNINITIALIZED_AUTOS = YES_AGGRESSIVE;
				GCC_WARN_UNUSED_FUNCTION = YES;
				GCC_WARN_UNUSED_VARIABLE = YES;
				MACOSX_DEPLOYMENT_TARGET = 11.3;
				MTL_ENABLE_DEBUG_INFO = NO;
				MTL_FAST_MATH = YES;
				SDKROOT = macosx;
			};
			name = Release;
		};
		44CF3C6C270C1D2D00FEECAB /* Debug */ = {
			isa = XCBuildConfiguration;
			buildSettings = {
				ASSETCATALOG_COMPILER_APPICON_NAME = AppIcon;
				ASSETCATALOG_COMPILER_GLOBAL_ACCENT_COLOR_NAME = AccentColor;
				CODE_SIGN_ENTITLEMENTS = MyFirstApp/MyFirstApp.entitlements;
				CODE_SIGN_STYLE = Automatic;
				COMBINE_HIDPI_IMAGES = YES;
				CURRENT_PROJECT_VERSION = 1;
				DEVELOPMENT_TEAM = 7JQB5ZNKBC;
				ENABLE_HARDENED_RUNTIME = YES;
				GENERATE_INFOPLIST_FILE = YES;
				INFOPLIST_KEY_NSHumanReadableCopyright = "";
				INFOPLIST_KEY_NSMainStoryboardFile = Main;
				INFOPLIST_KEY_NSPrincipalClass = NSApplication;
				LD_RUNPATH_SEARCH_PATHS = (
					"$(inherited)",
					"@executable_path/../Frameworks",
				);
				MARKETING_VERSION = 1.0;
				PRODUCT_BUNDLE_IDENTIFIER = com.intuit.ios.MyFirstApp;
				PRODUCT_NAME = "$(TARGET_NAME)";
				SWIFT_EMIT_LOC_STRINGS = YES;
			};
			name = Debug;
		};
		44CF3C6D270C1D2D00FEECAB /* Release */ = {
			isa = XCBuildConfiguration;
			buildSettings = {
				ASSETCATALOG_COMPILER_APPICON_NAME = AppIcon;
				ASSETCATALOG_COMPILER_GLOBAL_ACCENT_COLOR_NAME = AccentColor;
				CODE_SIGN_ENTITLEMENTS = MyFirstApp/MyFirstApp.entitlements;
				CODE_SIGN_STYLE = Automatic;
				COMBINE_HIDPI_IMAGES = YES;
				CURRENT_PROJECT_VERSION = 1;
				DEVELOPMENT_TEAM = 7JQB5ZNKBC;
				ENABLE_HARDENED_RUNTIME = YES;
				GENERATE_INFOPLIST_FILE = YES;
				INFOPLIST_KEY_NSHumanReadableCopyright = "";
				INFOPLIST_KEY_NSMainStoryboardFile = Main;
				INFOPLIST_KEY_NSPrincipalClass = NSApplication;
				LD_RUNPATH_SEARCH_PATHS = (
					"$(inherited)",
					"@executable_path/../Frameworks",
				);
				MARKETING_VERSION = 1.0;
				PRODUCT_BUNDLE_IDENTIFIER = com.intuit.ios.MyFirstApp;
				PRODUCT_NAME = "$(TARGET_NAME)";
				SWIFT_EMIT_LOC_STRINGS = YES;
			};
			name = Release;
		};
		44CF3C6F270C1D2D00FEECAB /* Debug */ = {
			isa = XCBuildConfiguration;
			buildSettings = {
				BUNDLE_LOADER = "$(TEST_HOST)";
				CODE_SIGN_STYLE = Automatic;
				COMBINE_HIDPI_IMAGES = YES;
				CURRENT_PROJECT_VERSION = 1;
				DEVELOPMENT_TEAM = 7JQB5ZNKBC;
				GENERATE_INFOPLIST_FILE = YES;
				LD_RUNPATH_SEARCH_PATHS = (
					"$(inherited)",
					"@executable_path/../Frameworks",
					"@loader_path/../Frameworks",
				);
				MACOSX_DEPLOYMENT_TARGET = 11.3;
				MARKETING_VERSION = 1.0;
				PRODUCT_BUNDLE_IDENTIFIER = com.intuit.ios.MyFirstAppTests;
				PRODUCT_NAME = "$(TARGET_NAME)";
				SWIFT_EMIT_LOC_STRINGS = NO;
				TEST_HOST = "$(BUILT_PRODUCTS_DIR)/MyFirstApp.app/Contents/MacOS/MyFirstApp";
			};
			name = Debug;
		};
		44CF3C70270C1D2D00FEECAB /* Release */ = {
			isa = XCBuildConfiguration;
			buildSettings = {
				BUNDLE_LOADER = "$(TEST_HOST)";
				CODE_SIGN_STYLE = Automatic;
				COMBINE_HIDPI_IMAGES = YES;
				CURRENT_PROJECT_VERSION = 1;
				DEVELOPMENT_TEAM = 7JQB5ZNKBC;
				GENERATE_INFOPLIST_FILE = YES;
				LD_RUNPATH_SEARCH_PATHS = (
					"$(inherited)",
					"@executable_path/../Frameworks",
					"@loader_path/../Frameworks",
				);
				MACOSX_DEPLOYMENT_TARGET = 11.3;
				MARKETING_VERSION = 1.0;
				PRODUCT_BUNDLE_IDENTIFIER = com.intuit.ios.MyFirstAppTests;
				PRODUCT_NAME = "$(TARGET_NAME)";
				SWIFT_EMIT_LOC_STRINGS = NO;
				TEST_HOST = "$(BUILT_PRODUCTS_DIR)/MyFirstApp.app/Contents/MacOS/MyFirstApp";
			};
			name = Release;
		};
		44CF3C72270C1D2D00FEECAB /* Debug */ = {
			isa = XCBuildConfiguration;
			buildSettings = {
				CODE_SIGN_STYLE = Automatic;
				COMBINE_HIDPI_IMAGES = YES;
				CURRENT_PROJECT_VERSION = 1;
				DEVELOPMENT_TEAM = 7JQB5ZNKBC;
				GENERATE_INFOPLIST_FILE = YES;
				LD_RUNPATH_SEARCH_PATHS = (
					"$(inherited)",
					"@executable_path/../Frameworks",
					"@loader_path/../Frameworks",
				);
				MARKETING_VERSION = 1.0;
				PRODUCT_BUNDLE_IDENTIFIER = com.intuit.ios.MyFirstAppUITests;
				PRODUCT_NAME = "$(TARGET_NAME)";
				SWIFT_EMIT_LOC_STRINGS = NO;
				TEST_TARGET_NAME = MyFirstApp;
			};
			name = Debug;
		};
		44CF3C73270C1D2D00FEECAB /* Release */ = {
			isa = XCBuildConfiguration;
			buildSettings = {
				CODE_SIGN_STYLE = Automatic;
				COMBINE_HIDPI_IMAGES = YES;
				CURRENT_PROJECT_VERSION = 1;
				DEVELOPMENT_TEAM = 7JQB5ZNKBC;
				GENERATE_INFOPLIST_FILE = YES;
				LD_RUNPATH_SEARCH_PATHS = (
					"$(inherited)",
					"@executable_path/../Frameworks",
					"@loader_path/../Frameworks",
				);
				MARKETING_VERSION = 1.0;
				PRODUCT_BUNDLE_IDENTIFIER = com.intuit.ios.MyFirstAppUITests;
				PRODUCT_NAME = "$(TARGET_NAME)";
				SWIFT_EMIT_LOC_STRINGS = NO;
				TEST_TARGET_NAME = MyFirstApp;
			};
			name = Release;
		};
/* End XCBuildConfiguration section */

/* Begin XCConfigurationList section */
		44CF3C3D270C1D2B00FEECAB /* Build configuration list for PBXProject "MyFirstApp" */ = {
			isa = XCConfigurationList;
			buildConfigurations = (
				44CF3C69270C1D2D00FEECAB /* Debug */,
				44CF3C6A270C1D2D00FEECAB /* Release */,
			);
			defaultConfigurationIsVisible = 0;
			defaultConfigurationName = Release;
		};
		44CF3C6B270C1D2D00FEECAB /* Build configuration list for PBXNativeTarget "MyFirstApp" */ = {
			isa = XCConfigurationList;
			buildConfigurations = (
				44CF3C6C270C1D2D00FEECAB /* Debug */,
				44CF3C6D270C1D2D00FEECAB /* Release */,
			);
			defaultConfigurationIsVisible = 0;
			defaultConfigurationName = Release;
		};
		44CF3C6E270C1D2D00FEECAB /* Build configuration list for PBXNativeTarget "MyFirstAppTests" */ = {
			isa = XCConfigurationList;
			buildConfigurations = (
				44CF3C6F270C1D2D00FEECAB /* Debug */,
				44CF3C70270C1D2D00FEECAB /* Release */,
			);
			defaultConfigurationIsVisible = 0;
			defaultConfigurationName = Release;
		};
		44CF3C71270C1D2D00FEECAB /* Build configuration list for PBXNativeTarget "MyFirstAppUITests" */ = {
			isa = XCConfigurationList;
			buildConfigurations = (
				44CF3C72270C1D2D00FEECAB /* Debug */,
				44CF3C73270C1D2D00FEECAB /* Release */,
			);
			defaultConfigurationIsVisible = 0;
			defaultConfigurationName = Release;
		};
/* End XCConfigurationList section */
	};
	rootObject = 44CF3C3A270C1D2B00FEECAB /* Project object */;
}
